github.com/davecgh/go-spew v1.1.0/go.mod h1:J7Y8YcW2NihsgmVo/mv3lAwl/skON4iLHjSsI+c5H38=
github.com/davecgh/go-spew v1.1.1 h1:vj9j/u1bqnvCEfJOwUhtlOARqs3+rkHYY13jYWTU97c=
github.com/davecgh/go-spew v1.1.1/go.mod h1:J7Y8YcW2NihsgmVo/mv3lAwl/skON4iLHjSsI+c5H38=
github.com/daviddengcn/go-colortext v1.0.0 h1:ANqDyC0ys6qCSvuEK7l3g5RaehL/Xck9EX8ATG8oKsE=
github.com/daviddengcn/go-colortext v1.0.0/go.mod h1:zDqEI5NVUop5QPpVJUxE9UO10hRnmkD5G4Pmri9+m4c=
github.com/dixonwille/wlog/v3 v3.0.4 h1:YLV5QT+dVKunV/XdlsWlrbTAZp41Zq21lb3YI3KKfRw=
github.com/dixonwille/wlog/v3 v3.0.4/go.mod h1:wh5luTpI/rczzuFeEjjLglEUkeGBIK1wZa2VTtpLkwY=
github.com/golangplus/bytes v0.0.0-20160111154220-45c989fe5450/go.mod h1:Bk6SMAONeMXrxql8uvOKuAZSu8aM5RUGv+1C6IJaEho=
github.com/golangplus/bytes v1.0.0 h1:YQKBijBVMsBxIiXT4IEhlKR2zHohjEqPole4umyDX+c=
github.com/golangplus/bytes v1.0.0/go.mod h1:AdRaCFwmc/00ZzELMWb01soso6W1R/++O1XL80yAn+A=
github.com/golangplus/fmt v1.0.0 h1:FnUKtw86lXIPfBMc3FimNF3+ABcV+aH5F17OOitTN+E=
github.com/golangplus/fmt v1.0.0/go.mod h1:zpM0OfbMCjPtd2qkTD/jX2MgiFCqklhSUFyDW44gVQE=
github.com/golangplus/testing v1.0.0 h1:+ZeeiKZENNOMkTTELoSySazi+XaEhVO0mb+eanrSEUQ=
github.com/golangplus/testing v1.0.0/go.mod h1:ZDreixUV3YzhoVraIDyOzHrr76p6NUh6k/pPg/Q3gYA=
github.com/mattn/go-isatty v0.0.20 h1:xfD0iDuEKnDkl03q4limB+vH+GxLEtL/jb4xVJSWWEY=
github.com/mattn/go-isatty v0.0.20/go.mod h1:W+V8PltTTMOvKvAeJH7IuucS94S2C6jfK/D7dTCTo3Y=
github.com/pmezard/go-difflib v1.0.0 h1:4DBwDE0NGyQoBHbLQYPwSUPoCMWR5BEzIk/f1lZbAQM=
github.com/pmezard/go-difflib v1.0.0/go.mod h1:iKH77koFhYxTK1pcRnkKkqfTogsbg7gZNVY4sRDYZ/4=
github.com/stretchr/objx v0.1.0/go.mod h1:HFkY916IF+rwdDfMAkV7OtwuqBVzrE8GR6GFx+wExME=
github.com/stretchr/objx v0.4.0/go.mod h1:YvHI0jy2hoMjB+UWwv71VJQ9isScKT/TqJzVSSt89Yw=
github.com/stretchr/objx v0.5.0/go.mod h1:Yh+to48EsGEfYuaHDzXPcE3xhTkx73EhmCGUpEOglKo=
github.com/stretchr/objx v0.5.2/go.mod h1:FRsXN1f5AsAjCGJKqEizvkpNtU+EGNCLh3NxZ/8L+MA=
github.com/stretchr/testify v1.7.1/go.mod h1:6Fq8oRcR53rry900zMqJjRRixrwX3KX962/h/Wwjteg=
github.com/stretchr/testify v1.8.0/go.mod h1:yNjHg4UonilssWZ8iaSj1OCr/vHnekPRkoO+kdMU+MU=
github.com/stretchr/testify v1.8.4/go.mod h1:sz/lmYIOXD/1dqDmKjjqLyZ2RngseejIcXlSw2iwfAo=
github.com/stretchr/testify v1.9.0 h1:HtqpIVDClZ4nwg75+f6Lvsy/wHu+3BoSGCbBAcpTsTg=
github.com/stretchr/testify v1.9.0/go.mod h1:r2ic/lqez/lEtzL7wO/rwa5dbSLXVDPFyf8C91i36aY=
golang.org/x/sys v0.6.0 h1:MVltZSvRTcU2ljQOhs94SXPftV6DCNnZViHeQps87pQ=
golang.org/x/sys v0.6.0/go.mod h1:oPkhp1MJrh7nUepCBck5+mAzfO9JrbApNNgaTdGDITg=
gopkg.in/check.v1 v0.0.0-20161208181325-20d25e280405 h1:yhCVgyC4o1eVCa2tZl7eS0r+SDo693bJlVdllGtEeKM=
gopkg.in/check.v1 v0.0.0-20161208181325-20d25e280405/go.mod h1:Co6ibVJAznAaIkqp8huTwlJQCZ016jof/cbN4VW5Yz0=
gopkg.in/yaml.v3 v3.0.0-20200313102051-9f266ea9e77c/go.mod h1:K4uyk7z7BCEPqu6E+C64Yfv1cQ7kz7rIZviUmN+EgEM=
gopkg.in/yaml.v3 v3.0.1 h1:fxVm/GzAzEWqLHuvctI91KS9hhNmmWOoWu0XTYJS7CA=
gopkg.in/yaml.v3 v3.0.1/go.mod h1:K4uyk7z7BCEPqu6E+C64Yfv1cQ7kz7rIZviUmN+EgEM=
